
Microsoft Visual Studio Solution File, Format Version 12.00
# Visual Studio Version 16
VisualStudioVersion = 16.0.30104.148
MinimumVisualStudioVersion = 10.0.40219.1
Project("{FAE04EC0-301F-11D3-BF4B-00C04F79EFBC}") = "VariableInitializationType", "VariableInitializationType\VariableInitializationType.csproj", "{192A3656-17C6-4300-B411-ECF38D063252}"
EndProject
Global
	GlobalSection(SolutionConfigurationPlatforms) = preSolution
		Debug|Any CPU = Debug|Any CPU
		Release|Any CPU = Release|Any CPU
	EndGlobalSection
	GlobalSection(ProjectConfigurationPlatforms) = postSolution
		{192A3656-17C6-4300-B411-ECF38D063252}.Debug|Any CPU.ActiveCfg = Debug|Any CPU
		{192A3656-17C6-4300-B411-ECF38D063252}.Debug|Any CPU.Build.0 = Debug|Any CPU
		{192A3656-17C6-4300-B411-ECF38D063252}.Release|Any CPU.ActiveCfg = Release|Any CPU
		{192A3656-17C6-4300-B411-ECF38D063252}.Release|Any CPU.Build.0 = Release|Any CPU
	EndGlobalSection
	GlobalSection(SolutionProperties) = preSolution
		HideSolutionNode = FALSE
	EndGlobalSection
	GlobalSection(ExtensibilityGlobals) = postSolution
		SolutionGuid = {DC4DED2E-D0A8-43A2-8BED-1540273BE367}
	EndGlobalSection
EndGlobal
