
Microsoft Visual Studio Solution File, Format Version 12.00
# Visual Studio Version 16
VisualStudioVersion = 16.0.30406.217
MinimumVisualStudioVersion = 10.0.40219.1
Project("{FAE04EC0-301F-11D3-BF4B-00C04F79EFBC}") = "AS_Operator2", "AS_Operator2\AS_Operator2.csproj", "{C7C3429B-F085-4B82-B920-A886963D332B}"
EndProject
Global
	GlobalSection(SolutionConfigurationPlatforms) = preSolution
		Debug|Any CPU = Debug|Any CPU
		Release|Any CPU = Release|Any CPU
	EndGlobalSection
	GlobalSection(ProjectConfigurationPlatforms) = postSolution
		{C7C3429B-F085-4B82-B920-A886963D332B}.Debug|Any CPU.ActiveCfg = Debug|Any CPU
		{C7C3429B-F085-4B82-B920-A886963D332B}.Debug|Any CPU.Build.0 = Debug|Any CPU
		{C7C3429B-F085-4B82-B920-A886963D332B}.Release|Any CPU.ActiveCfg = Release|Any CPU
		{C7C3429B-F085-4B82-B920-A886963D332B}.Release|Any CPU.Build.0 = Release|Any CPU
	EndGlobalSection
	GlobalSection(SolutionProperties) = preSolution
		HideSolutionNode = FALSE
	EndGlobalSection
	GlobalSection(ExtensibilityGlobals) = postSolution
		SolutionGuid = {7A9A2348-573A-4F25-87AC-41E69F0FF0E1}
	EndGlobalSection
EndGlobal
