
Microsoft Visual Studio Solution File, Format Version 12.00
# Visual Studio Version 16
VisualStudioVersion = 16.0.30406.217
MinimumVisualStudioVersion = 10.0.40219.1
Project("{FAE04EC0-301F-11D3-BF4B-00C04F79EFBC}") = "Static_Class", "Static_Class\Static_Class.csproj", "{CE7B57D9-5D75-43E5-8662-7A571AE01077}"
EndProject
Global
	GlobalSection(SolutionConfigurationPlatforms) = preSolution
		Debug|Any CPU = Debug|Any CPU
		Release|Any CPU = Release|Any CPU
	EndGlobalSection
	GlobalSection(ProjectConfigurationPlatforms) = postSolution
		{CE7B57D9-5D75-43E5-8662-7A571AE01077}.Debug|Any CPU.ActiveCfg = Debug|Any CPU
		{CE7B57D9-5D75-43E5-8662-7A571AE01077}.Debug|Any CPU.Build.0 = Debug|Any CPU
		{CE7B57D9-5D75-43E5-8662-7A571AE01077}.Release|Any CPU.ActiveCfg = Release|Any CPU
		{CE7B57D9-5D75-43E5-8662-7A571AE01077}.Release|Any CPU.Build.0 = Release|Any CPU
	EndGlobalSection
	GlobalSection(SolutionProperties) = preSolution
		HideSolutionNode = FALSE
	EndGlobalSection
	GlobalSection(ExtensibilityGlobals) = postSolution
		SolutionGuid = {D4A4E6B2-B339-4502-B38A-DBA473939D2A}
	EndGlobalSection
EndGlobal
