
Microsoft Visual Studio Solution File, Format Version 12.00
# Visual Studio Version 16
VisualStudioVersion = 16.0.30406.217
MinimumVisualStudioVersion = 10.0.40219.1
Project("{FAE04EC0-301F-11D3-BF4B-00C04F79EFBC}") = "Abstraction_Demo", "Abstraction_Demo\Abstraction_Demo.csproj", "{D88E3679-706C-4AE6-8F5E-A798EC0C41BB}"
EndProject
Global
	GlobalSection(SolutionConfigurationPlatforms) = preSolution
		Debug|Any CPU = Debug|Any CPU
		Release|Any CPU = Release|Any CPU
	EndGlobalSection
	GlobalSection(ProjectConfigurationPlatforms) = postSolution
		{D88E3679-706C-4AE6-8F5E-A798EC0C41BB}.Debug|Any CPU.ActiveCfg = Debug|Any CPU
		{D88E3679-706C-4AE6-8F5E-A798EC0C41BB}.Debug|Any CPU.Build.0 = Debug|Any CPU
		{D88E3679-706C-4AE6-8F5E-A798EC0C41BB}.Release|Any CPU.ActiveCfg = Release|Any CPU
		{D88E3679-706C-4AE6-8F5E-A798EC0C41BB}.Release|Any CPU.Build.0 = Release|Any CPU
	EndGlobalSection
	GlobalSection(SolutionProperties) = preSolution
		HideSolutionNode = FALSE
	EndGlobalSection
	GlobalSection(ExtensibilityGlobals) = postSolution
		SolutionGuid = {1837AA1E-CFC8-4C95-8AB3-7CFA5C72B174}
	EndGlobalSection
EndGlobal
