
Microsoft Visual Studio Solution File, Format Version 12.00
# Visual Studio Version 16
VisualStudioVersion = 16.0.30104.148
MinimumVisualStudioVersion = 10.0.40219.1
Project("{FAE04EC0-301F-11D3-BF4B-00C04F79EFBC}") = "HelloWorld", "HelloWorld\HelloWorld.csproj", "{ACF031A0-65A7-4072-9849-4CA7037C8FDC}"
EndProject
Global
	GlobalSection(SolutionConfigurationPlatforms) = preSolution
		Debug|Any CPU = Debug|Any CPU
		Release|Any CPU = Release|Any CPU
	EndGlobalSection
	GlobalSection(ProjectConfigurationPlatforms) = postSolution
		{ACF031A0-65A7-4072-9849-4CA7037C8FDC}.Debug|Any CPU.ActiveCfg = Debug|Any CPU
		{ACF031A0-65A7-4072-9849-4CA7037C8FDC}.Debug|Any CPU.Build.0 = Debug|Any CPU
		{ACF031A0-65A7-4072-9849-4CA7037C8FDC}.Release|Any CPU.ActiveCfg = Release|Any CPU
		{ACF031A0-65A7-4072-9849-4CA7037C8FDC}.Release|Any CPU.Build.0 = Release|Any CPU
	EndGlobalSection
	GlobalSection(SolutionProperties) = preSolution
		HideSolutionNode = FALSE
	EndGlobalSection
	GlobalSection(ExtensibilityGlobals) = postSolution
		SolutionGuid = {28FAD87B-3BF2-4E54-BE54-1FF61F8AADD2}
	EndGlobalSection
EndGlobal
