
Microsoft Visual Studio Solution File, Format Version 12.00
# Visual Studio Version 16
VisualStudioVersion = 16.0.30104.148
MinimumVisualStudioVersion = 10.0.40219.1
Project("{FAE04EC0-301F-11D3-BF4B-00C04F79EFBC}") = "InternalAccessModifier", "InternalAccessModifier\InternalAccessModifier.csproj", "{B443A7B4-236A-42B7-9C5F-8954FBA743EF}"
EndProject
Global
	GlobalSection(SolutionConfigurationPlatforms) = preSolution
		Debug|Any CPU = Debug|Any CPU
		Release|Any CPU = Release|Any CPU
	EndGlobalSection
	GlobalSection(ProjectConfigurationPlatforms) = postSolution
		{B443A7B4-236A-42B7-9C5F-8954FBA743EF}.Debug|Any CPU.ActiveCfg = Debug|Any CPU
		{B443A7B4-236A-42B7-9C5F-8954FBA743EF}.Debug|Any CPU.Build.0 = Debug|Any CPU
		{B443A7B4-236A-42B7-9C5F-8954FBA743EF}.Release|Any CPU.ActiveCfg = Release|Any CPU
		{B443A7B4-236A-42B7-9C5F-8954FBA743EF}.Release|Any CPU.Build.0 = Release|Any CPU
	EndGlobalSection
	GlobalSection(SolutionProperties) = preSolution
		HideSolutionNode = FALSE
	EndGlobalSection
	GlobalSection(ExtensibilityGlobals) = postSolution
		SolutionGuid = {284F848C-259E-49FF-ACD5-AAD5A2FEA78A}
	EndGlobalSection
EndGlobal
