
Microsoft Visual Studio Solution File, Format Version 12.00
# Visual Studio Version 16
VisualStudioVersion = 16.0.30406.217
MinimumVisualStudioVersion = 10.0.40219.1
Project("{FAE04EC0-301F-11D3-BF4B-00C04F79EFBC}") = "AbstractClassNonAbstractMethod", "AbstractClassNonAbstractMethod.csproj", "{24F5828D-D7E0-47F6-8F6A-BD4288B8253F}"
EndProject
Global
	GlobalSection(SolutionConfigurationPlatforms) = preSolution
		Debug|Any CPU = Debug|Any CPU
		Release|Any CPU = Release|Any CPU
	EndGlobalSection
	GlobalSection(ProjectConfigurationPlatforms) = postSolution
		{24F5828D-D7E0-47F6-8F6A-BD4288B8253F}.Debug|Any CPU.ActiveCfg = Debug|Any CPU
		{24F5828D-D7E0-47F6-8F6A-BD4288B8253F}.Debug|Any CPU.Build.0 = Debug|Any CPU
		{24F5828D-D7E0-47F6-8F6A-BD4288B8253F}.Release|Any CPU.ActiveCfg = Release|Any CPU
		{24F5828D-D7E0-47F6-8F6A-BD4288B8253F}.Release|Any CPU.Build.0 = Release|Any CPU
	EndGlobalSection
	GlobalSection(SolutionProperties) = preSolution
		HideSolutionNode = FALSE
	EndGlobalSection
	GlobalSection(ExtensibilityGlobals) = postSolution
		SolutionGuid = {1FD7A0C5-CB64-4121-8113-6AE4AFA3F6F5}
	EndGlobalSection
EndGlobal
