
Microsoft Visual Studio Solution File, Format Version 12.00
# Visual Studio Version 16
VisualStudioVersion = 16.0.30406.217
MinimumVisualStudioVersion = 10.0.40219.1
Project("{FAE04EC0-301F-11D3-BF4B-00C04F79EFBC}") = "AS_Operator", "AS_Operator\AS_Operator.csproj", "{B6836496-5A3C-4605-A5A3-90D42C777FF2}"
EndProject
Global
	GlobalSection(SolutionConfigurationPlatforms) = preSolution
		Debug|Any CPU = Debug|Any CPU
		Release|Any CPU = Release|Any CPU
	EndGlobalSection
	GlobalSection(ProjectConfigurationPlatforms) = postSolution
		{B6836496-5A3C-4605-A5A3-90D42C777FF2}.Debug|Any CPU.ActiveCfg = Debug|Any CPU
		{B6836496-5A3C-4605-A5A3-90D42C777FF2}.Debug|Any CPU.Build.0 = Debug|Any CPU
		{B6836496-5A3C-4605-A5A3-90D42C777FF2}.Release|Any CPU.ActiveCfg = Release|Any CPU
		{B6836496-5A3C-4605-A5A3-90D42C777FF2}.Release|Any CPU.Build.0 = Release|Any CPU
	EndGlobalSection
	GlobalSection(SolutionProperties) = preSolution
		HideSolutionNode = FALSE
	EndGlobalSection
	GlobalSection(ExtensibilityGlobals) = postSolution
		SolutionGuid = {7BBD61C9-233D-4955-8764-66D5A0EA6533}
	EndGlobalSection
EndGlobal
