
Microsoft Visual Studio Solution File, Format Version 12.00
# Visual Studio Version 16
VisualStudioVersion = 16.0.31112.23
MinimumVisualStudioVersion = 10.0.40219.1
Project("{FAE04EC0-301F-11D3-BF4B-00C04F79EFBC}") = "SealedClass", "SealedClass.csproj", "{54C351D9-8267-416F-9F7F-751F3BDCD6DE}"
EndProject
Global
	GlobalSection(SolutionConfigurationPlatforms) = preSolution
		Debug|Any CPU = Debug|Any CPU
		Release|Any CPU = Release|Any CPU
	EndGlobalSection
	GlobalSection(ProjectConfigurationPlatforms) = postSolution
		{54C351D9-8267-416F-9F7F-751F3BDCD6DE}.Debug|Any CPU.ActiveCfg = Debug|Any CPU
		{54C351D9-8267-416F-9F7F-751F3BDCD6DE}.Debug|Any CPU.Build.0 = Debug|Any CPU
		{54C351D9-8267-416F-9F7F-751F3BDCD6DE}.Release|Any CPU.ActiveCfg = Release|Any CPU
		{54C351D9-8267-416F-9F7F-751F3BDCD6DE}.Release|Any CPU.Build.0 = Release|Any CPU
	EndGlobalSection
	GlobalSection(SolutionProperties) = preSolution
		HideSolutionNode = FALSE
	EndGlobalSection
	GlobalSection(ExtensibilityGlobals) = postSolution
		SolutionGuid = {76463379-545A-4373-829F-EA6F0010124B}
	EndGlobalSection
EndGlobal
