
Microsoft Visual Studio Solution File, Format Version 12.00
# Visual Studio Version 16
VisualStudioVersion = 16.0.30104.148
MinimumVisualStudioVersion = 10.0.40219.1
Project("{FAE04EC0-301F-11D3-BF4B-00C04F79EFBC}") = "StaticVariable", "StaticVariable\StaticVariable.csproj", "{EB3576BA-4213-48C8-A302-E395B37E0DC2}"
EndProject
Global
	GlobalSection(SolutionConfigurationPlatforms) = preSolution
		Debug|Any CPU = Debug|Any CPU
		Release|Any CPU = Release|Any CPU
	EndGlobalSection
	GlobalSection(ProjectConfigurationPlatforms) = postSolution
		{EB3576BA-4213-48C8-A302-E395B37E0DC2}.Debug|Any CPU.ActiveCfg = Debug|Any CPU
		{EB3576BA-4213-48C8-A302-E395B37E0DC2}.Debug|Any CPU.Build.0 = Debug|Any CPU
		{EB3576BA-4213-48C8-A302-E395B37E0DC2}.Release|Any CPU.ActiveCfg = Release|Any CPU
		{EB3576BA-4213-48C8-A302-E395B37E0DC2}.Release|Any CPU.Build.0 = Release|Any CPU
	EndGlobalSection
	GlobalSection(SolutionProperties) = preSolution
		HideSolutionNode = FALSE
	EndGlobalSection
	GlobalSection(ExtensibilityGlobals) = postSolution
		SolutionGuid = {B70DAFF5-6B7D-4B8C-A4E1-B37D37B55592}
	EndGlobalSection
EndGlobal
