
Microsoft Visual Studio Solution File, Format Version 12.00
# Visual Studio Version 16
VisualStudioVersion = 16.0.30406.217
MinimumVisualStudioVersion = 10.0.40219.1
Project("{FAE04EC0-301F-11D3-BF4B-00C04F79EFBC}") = "InheritanceConcept", "InheritanceConcept.csproj", "{BCF00699-67D4-4243-9395-25C19A2EB291}"
EndProject
Global
	GlobalSection(SolutionConfigurationPlatforms) = preSolution
		Debug|Any CPU = Debug|Any CPU
		Release|Any CPU = Release|Any CPU
	EndGlobalSection
	GlobalSection(ProjectConfigurationPlatforms) = postSolution
		{BCF00699-67D4-4243-9395-25C19A2EB291}.Debug|Any CPU.ActiveCfg = Debug|Any CPU
		{BCF00699-67D4-4243-9395-25C19A2EB291}.Debug|Any CPU.Build.0 = Debug|Any CPU
		{BCF00699-67D4-4243-9395-25C19A2EB291}.Release|Any CPU.ActiveCfg = Release|Any CPU
		{BCF00699-67D4-4243-9395-25C19A2EB291}.Release|Any CPU.Build.0 = Release|Any CPU
	EndGlobalSection
	GlobalSection(SolutionProperties) = preSolution
		HideSolutionNode = FALSE
	EndGlobalSection
	GlobalSection(ExtensibilityGlobals) = postSolution
		SolutionGuid = {4ADD1427-A4AA-4BC1-B72E-3DC16D1A0479}
	EndGlobalSection
EndGlobal
