
Microsoft Visual Studio Solution File, Format Version 12.00
# Visual Studio Version 16
VisualStudioVersion = 16.0.30406.217
MinimumVisualStudioVersion = 10.0.40219.1
Project("{FAE04EC0-301F-11D3-BF4B-00C04F79EFBC}") = "Abstraction_Demo2", "Abstraction_Demo2\Abstraction_Demo2.csproj", "{32AD5C26-3106-462C-92FD-18B7776D8567}"
EndProject
Global
	GlobalSection(SolutionConfigurationPlatforms) = preSolution
		Debug|Any CPU = Debug|Any CPU
		Release|Any CPU = Release|Any CPU
	EndGlobalSection
	GlobalSection(ProjectConfigurationPlatforms) = postSolution
		{32AD5C26-3106-462C-92FD-18B7776D8567}.Debug|Any CPU.ActiveCfg = Debug|Any CPU
		{32AD5C26-3106-462C-92FD-18B7776D8567}.Debug|Any CPU.Build.0 = Debug|Any CPU
		{32AD5C26-3106-462C-92FD-18B7776D8567}.Release|Any CPU.ActiveCfg = Release|Any CPU
		{32AD5C26-3106-462C-92FD-18B7776D8567}.Release|Any CPU.Build.0 = Release|Any CPU
	EndGlobalSection
	GlobalSection(SolutionProperties) = preSolution
		HideSolutionNode = FALSE
	EndGlobalSection
	GlobalSection(ExtensibilityGlobals) = postSolution
		SolutionGuid = {FDDA6545-46C6-4F33-96CF-1D51D9E0F7A5}
	EndGlobalSection
EndGlobal
