
Microsoft Visual Studio Solution File, Format Version 12.00
# Visual Studio Version 16
VisualStudioVersion = 16.0.31112.23
MinimumVisualStudioVersion = 10.0.40219.1
Project("{FAE04EC0-301F-11D3-BF4B-00C04F79EFBC}") = "ObjectClass", "ObjectClass.csproj", "{348BC10F-EC6C-4A71-9211-47A9420C8025}"
EndProject
Global
	GlobalSection(SolutionConfigurationPlatforms) = preSolution
		Debug|Any CPU = Debug|Any CPU
		Release|Any CPU = Release|Any CPU
	EndGlobalSection
	GlobalSection(ProjectConfigurationPlatforms) = postSolution
		{348BC10F-EC6C-4A71-9211-47A9420C8025}.Debug|Any CPU.ActiveCfg = Debug|Any CPU
		{348BC10F-EC6C-4A71-9211-47A9420C8025}.Debug|Any CPU.Build.0 = Debug|Any CPU
		{348BC10F-EC6C-4A71-9211-47A9420C8025}.Release|Any CPU.ActiveCfg = Release|Any CPU
		{348BC10F-EC6C-4A71-9211-47A9420C8025}.Release|Any CPU.Build.0 = Release|Any CPU
	EndGlobalSection
	GlobalSection(SolutionProperties) = preSolution
		HideSolutionNode = FALSE
	EndGlobalSection
	GlobalSection(ExtensibilityGlobals) = postSolution
		SolutionGuid = {A44B9D06-7372-472B-A03D-F0714A71409E}
	EndGlobalSection
EndGlobal
