
Microsoft Visual Studio Solution File, Format Version 12.00
# Visual Studio Version 16
VisualStudioVersion = 16.0.30406.217
MinimumVisualStudioVersion = 10.0.40219.1
Project("{FAE04EC0-301F-11D3-BF4B-00C04F79EFBC}") = "Constructor_OrderArgs", "Constructor_OrderArgs\Constructor_OrderArgs.csproj", "{CFC87E59-CCFD-43DC-9973-FAB8FBD76332}"
EndProject
Global
	GlobalSection(SolutionConfigurationPlatforms) = preSolution
		Debug|Any CPU = Debug|Any CPU
		Release|Any CPU = Release|Any CPU
	EndGlobalSection
	GlobalSection(ProjectConfigurationPlatforms) = postSolution
		{CFC87E59-CCFD-43DC-9973-FAB8FBD76332}.Debug|Any CPU.ActiveCfg = Debug|Any CPU
		{CFC87E59-CCFD-43DC-9973-FAB8FBD76332}.Debug|Any CPU.Build.0 = Debug|Any CPU
		{CFC87E59-CCFD-43DC-9973-FAB8FBD76332}.Release|Any CPU.ActiveCfg = Release|Any CPU
		{CFC87E59-CCFD-43DC-9973-FAB8FBD76332}.Release|Any CPU.Build.0 = Release|Any CPU
	EndGlobalSection
	GlobalSection(SolutionProperties) = preSolution
		HideSolutionNode = FALSE
	EndGlobalSection
	GlobalSection(ExtensibilityGlobals) = postSolution
		SolutionGuid = {E9384F64-7A74-4DE6-A498-162D913E4BF0}
	EndGlobalSection
EndGlobal
